// !$*UTF8*$!
{
	archiveVersion = 1;
	classes = {
	};
	objectVersion = 50;
	objects = {

/* Begin PBXBuildFile section */
		A22B25A62336C730000EC94C /* Models.swift in Sources */ = {isa = PBXBuildFile; fileRef = A22B25A52336C730000EC94C /* Models.swift */; };
		A2383BFF23153A810076B289 /* AppDelegate.swift in Sources */ = {isa = PBXBuildFile; fileRef = A2383BFE23153A810076B289 /* AppDelegate.swift */; };
		A2383C0123153A810076B289 /* SceneDelegate.swift in Sources */ = {isa = PBXBuildFile; fileRef = A2383C0023153A810076B289 /* SceneDelegate.swift */; };
		A2383C0323153A810076B289 /* ContentView.swift in Sources */ = {isa = PBXBuildFile; fileRef = A2383C0223153A810076B289 /* ContentView.swift */; };
		A2383C0523153A820076B289 /* Assets.xcassets in Resources */ = {isa = PBXBuildFile; fileRef = A2383C0423153A820076B289 /* Assets.xcassets */; };
		A2383C0823153A820076B289 /* Preview Assets.xcassets in Resources */ = {isa = PBXBuildFile; fileRef = A2383C0723153A820076B289 /* Preview Assets.xcassets */; };
		A2383C0B23153A820076B289 /* LaunchScreen.storyboard in Resources */ = {isa = PBXBuildFile; fileRef = A2383C0923153A820076B289 /* LaunchScreen.storyboard */; };
		A2383C15231540C10076B289 /* LocationService.swift in Sources */ = {isa = PBXBuildFile; fileRef = A2383C14231540C10076B289 /* LocationService.swift */; };
		A2F8CE77234D126B00C408FA /* Environment.swift in Sources */ = {isa = PBXBuildFile; fileRef = A2F8CE76234D126B00C408FA /* Environment.swift */; };
/* End PBXBuildFile section */

/* Begin PBXFileReference section */
		A22B25A52336C730000EC94C /* Models.swift */ = {isa = PBXFileReference; lastKnownFileType = sourcecode.swift; path = Models.swift; sourceTree = "<group>"; };
		A2383BFB23153A810076B289 /* RoadTripNative.app */ = {isa = PBXFileReference; explicitFileType = wrapper.application; includeInIndex = 0; path = RoadTripNative.app; sourceTree = BUILT_PRODUCTS_DIR; };
		A2383BFE23153A810076B289 /* AppDelegate.swift */ = {isa = PBXFileReference; lastKnownFileType = sourcecode.swift; path = AppDelegate.swift; sourceTree = "<group>"; };
		A2383C0023153A810076B289 /* SceneDelegate.swift */ = {isa = PBXFileReference; lastKnownFileType = sourcecode.swift; path = SceneDelegate.swift; sourceTree = "<group>"; };
		A2383C0223153A810076B289 /* ContentView.swift */ = {isa = PBXFileReference; lastKnownFileType = sourcecode.swift; path = ContentView.swift; sourceTree = "<group>"; };
		A2383C0423153A820076B289 /* Assets.xcassets */ = {isa = PBXFileReference; lastKnownFileType = folder.assetcatalog; path = Assets.xcassets; sourceTree = "<group>"; };
		A2383C0723153A820076B289 /* Preview Assets.xcassets */ = {isa = PBXFileReference; lastKnownFileType = folder.assetcatalog; path = "Preview Assets.xcassets"; sourceTree = "<group>"; };
		A2383C0A23153A820076B289 /* Base */ = {isa = PBXFileReference; lastKnownFileType = file.storyboard; name = Base; path = Base.lproj/LaunchScreen.storyboard; sourceTree = "<group>"; };
		A2383C0C23153A820076B289 /* Info.plist */ = {isa = PBXFileReference; lastKnownFileType = text.plist.xml; path = Info.plist; sourceTree = "<group>"; };
		A2383C14231540C10076B289 /* LocationService.swift */ = {isa = PBXFileReference; lastKnownFileType = sourcecode.swift; path = LocationService.swift; sourceTree = "<group>"; };
		A2F8CE75234BD52E00C408FA /* Development.xcconfig */ = {isa = PBXFileReference; lastKnownFileType = text.xcconfig; path = Development.xcconfig; sourceTree = "<group>"; };
		A2F8CE76234D126B00C408FA /* Environment.swift */ = {isa = PBXFileReference; lastKnownFileType = sourcecode.swift; path = Environment.swift; sourceTree = "<group>"; };
/* End PBXFileReference section */

/* Begin PBXFrameworksBuildPhase section */
		A2383BF823153A810076B289 /* Frameworks */ = {
			isa = PBXFrameworksBuildPhase;
			buildActionMask = 2147483647;
			files = (
			);
			runOnlyForDeploymentPostprocessing = 0;
		};
/* End PBXFrameworksBuildPhase section */

/* Begin PBXGroup section */
		A2383BF223153A810076B289 = {
			isa = PBXGroup;
			children = (
				A2383BFD23153A810076B289 /* RoadTripNative */,
				A2383BFC23153A810076B289 /* Products */,
			);
			sourceTree = "<group>";
		};
		A2383BFC23153A810076B289 /* Products */ = {
			isa = PBXGroup;
			children = (
				A2383BFB23153A810076B289 /* RoadTripNative.app */,
			);
			name = Products;
			sourceTree = "<group>";
		};
		A2383BFD23153A810076B289 /* RoadTripNative */ = {
			isa = PBXGroup;
			children = (
				A2F8CE75234BD52E00C408FA /* Development.xcconfig */,
				A2F8CE76234D126B00C408FA /* Environment.swift */,
				A2383C0C23153A820076B289 /* Info.plist */,
				A2383BFE23153A810076B289 /* AppDelegate.swift */,
				A22B25A52336C730000EC94C /* Models.swift */,
				A2383C0023153A810076B289 /* SceneDelegate.swift */,
				A2383C0223153A810076B289 /* ContentView.swift */,
				A2383C0423153A820076B289 /* Assets.xcassets */,
				A2383C0923153A820076B289 /* LaunchScreen.storyboard */,
				A2383C0623153A820076B289 /* Preview Content */,
				A2383C14231540C10076B289 /* LocationService.swift */,
			);
			path = RoadTripNative;
			sourceTree = "<group>";
		};
		A2383C0623153A820076B289 /* Preview Content */ = {
			isa = PBXGroup;
			children = (
				A2383C0723153A820076B289 /* Preview Assets.xcassets */,
			);
			path = "Preview Content";
			sourceTree = "<group>";
		};
/* End PBXGroup section */

/* Begin PBXNativeTarget section */
		A2383BFA23153A810076B289 /* RoadTripNative */ = {
			isa = PBXNativeTarget;
			buildConfigurationList = A2383C0F23153A820076B289 /* Build configuration list for PBXNativeTarget "RoadTripNative" */;
			buildPhases = (
				A2383BF723153A810076B289 /* Sources */,
				A2383BF823153A810076B289 /* Frameworks */,
				A2383BF923153A810076B289 /* Resources */,
			);
			buildRules = (
			);
			dependencies = (
			);
			name = RoadTripNative;
			productName = RoadTripNative;
			productReference = A2383BFB23153A810076B289 /* RoadTripNative.app */;
			productType = "com.apple.product-type.application";
		};
/* End PBXNativeTarget section */

/* Begin PBXProject section */
		A2383BF323153A810076B289 /* Project object */ = {
			isa = PBXProject;
			attributes = {
				LastSwiftUpdateCheck = 1100;
				LastUpgradeCheck = 1100;
				ORGANIZATIONNAME = "Kamil Lewandowski";
				TargetAttributes = {
					A2383BFA23153A810076B289 = {
						CreatedOnToolsVersion = 11.0;
					};
				};
			};
			buildConfigurationList = A2383BF623153A810076B289 /* Build configuration list for PBXProject "RoadTripNative" */;
			compatibilityVersion = "Xcode 9.3";
			developmentRegion = en;
			hasScannedForEncodings = 0;
			knownRegions = (
				en,
				Base,
			);
			mainGroup = A2383BF223153A810076B289;
			productRefGroup = A2383BFC23153A810076B289 /* Products */;
			projectDirPath = "";
			projectRoot = "";
			targets = (
				A2383BFA23153A810076B289 /* RoadTripNative */,
			);
		};
/* End PBXProject section */

/* Begin PBXResourcesBuildPhase section */
		A2383BF923153A810076B289 /* Resources */ = {
			isa = PBXResourcesBuildPhase;
			buildActionMask = 2147483647;
			files = (
				A2383C0B23153A820076B289 /* LaunchScreen.storyboard in Resources */,
				A2383C0823153A820076B289 /* Preview Assets.xcassets in Resources */,
				A2383C0523153A820076B289 /* Assets.xcassets in Resources */,
			);
			runOnlyForDeploymentPostprocessing = 0;
		};
/* End PBXResourcesBuildPhase section */

/* Begin PBXSourcesBuildPhase section */
		A2383BF723153A810076B289 /* Sources */ = {
			isa = PBXSourcesBuildPhase;
			buildActionMask = 2147483647;
			files = (
				A2383BFF23153A810076B289 /* AppDelegate.swift in Sources */,
				A2383C0123153A810076B289 /* SceneDelegate.swift in Sources */,
				A2F8CE77234D126B00C408FA /* Environment.swift in Sources */,
				A2383C15231540C10076B289 /* LocationService.swift in Sources */,
				A2383C0323153A810076B289 /* ContentView.swift in Sources */,
				A22B25A62336C730000EC94C /* Models.swift in Sources */,
			);
			runOnlyForDeploymentPostprocessing = 0;
		};
/* End PBXSourcesBuildPhase section */

/* Begin PBXVariantGroup section */
		A2383C0923153A820076B289 /* LaunchScreen.storyboard */ = {
			isa = PBXVariantGroup;
			children = (
				A2383C0A23153A820076B289 /* Base */,
			);
			name = LaunchScreen.storyboard;
			sourceTree = "<group>";
		};
/* End PBXVariantGroup section */

/* Begin XCBuildConfiguration section */
		A2383C0D23153A820076B289 /* Debug */ = {
			isa = XCBuildConfiguration;
			baseConfigurationReference = A2F8CE75234BD52E00C408FA /* Development.xcconfig */;
			buildSettings = {
				ALWAYS_SEARCH_USER_PATHS = NO;
				CLANG_ANALYZER_NONNULL = YES;
				CLANG_ANALYZER_NUMBER_OBJECT_CONVERSION = YES_AGGRESSIVE;
				CLANG_CXX_LANGUAGE_STANDARD = "gnu++14";
				CLANG_CXX_LIBRARY = "libc++";
				CLANG_ENABLE_MODULES = YES;
				CLANG_ENABLE_OBJC_ARC = YES;
				CLANG_ENABLE_OBJC_WEAK = YES;
				CLANG_WARN_BLOCK_CAPTURE_AUTORELEASING = YES;
				CLANG_WARN_BOOL_CONVERSION = YES;
				CLANG_WARN_COMMA = YES;
				CLANG_WARN_CONSTANT_CONVERSION = YES;
				CLANG_WARN_DEPRECATED_OBJC_IMPLEMENTATIONS = YES;
				CLANG_WARN_DIRECT_OBJC_ISA_USAGE = YES_ERROR;
				CLANG_WARN_DOCUMENTATION_COMMENTS = YES;
				CLANG_WARN_EMPTY_BODY = YES;
				CLANG_WARN_ENUM_CONVERSION = YES;
				CLANG_WARN_INFINITE_RECURSION = YES;
				CLANG_WARN_INT_CONVERSION = YES;
				CLANG_WARN_NON_LITERAL_NULL_CONVERSION = YES;
				CLANG_WARN_OBJC_IMPLICIT_RETAIN_SELF = YES;
				CLANG_WARN_OBJC_LITERAL_CONVERSION = YES;
				CLANG_WARN_OBJC_ROOT_CLASS = YES_ERROR;
				CLANG_WARN_RANGE_LOOP_ANALYSIS = YES;
				CLANG_WARN_STRICT_PROTOTYPES = YES;
				CLANG_WARN_SUSPICIOUS_MOVE = YES;
				CLANG_WARN_UNGUARDED_AVAILABILITY = YES_AGGRESSIVE;
				CLANG_WARN_UNREACHABLE_CODE = YES;
				CLANG_WARN__DUPLICATE_METHOD_MATCH = YES;
				COPY_PHASE_STRIP = NO;
				DEBUG_INFORMATION_FORMAT = dwarf;
				ENABLE_STRICT_OBJC_MSGSEND = YES;
				ENABLE_TESTABILITY = YES;
				GCC_C_LANGUAGE_STANDARD = gnu11;
				GCC_DYNAMIC_NO_PIC = NO;
				GCC_NO_COMMON_BLOCKS = YES;
				GCC_OPTIMIZATION_LEVEL = 0;
				GCC_PREPROCESSOR_DEFINITIONS = (
					"DEBUG=1",
					"$(inherited)",
				);
				GCC_WARN_64_TO_32_BIT_CONVERSION = YES;
				GCC_WARN_ABOUT_RETURN_TYPE = YES_ERROR;
				GCC_WARN_UNDECLARED_SELECTOR = YES;
				GCC_WARN_UNINITIALIZED_AUTOS = YES_AGGRESSIVE;
				GCC_WARN_UNUSED_FUNCTION = YES;
				GCC_WARN_UNUSED_VARIABLE = YES;
				IPHONEOS_DEPLOYMENT_TARGET = 13.0;
				MTL_ENABLE_DEBUG_INFO = INCLUDE_SOURCE;
				MTL_FAST_MATH = YES;
				ONLY_ACTIVE_ARCH = YES;
				SDKROOT = iphoneos;
				SWIFT_ACTIVE_COMPILATION_CONDITIONS = DEBUG;
				SWIFT_OPTIMIZATION_LEVEL = "-Onone";
			};
			name = Debug;
		};
		A2383C0E23153A820076B289 /* Release */ = {
			isa = XCBuildConfiguration;
			buildSettings = {
				ALWAYS_SEARCH_USER_PATHS = NO;
				CLANG_ANALYZER_NONNULL = YES;
				CLANG_ANALYZER_NUMBER_OBJECT_CONVERSION = YES_AGGRESSIVE;
				CLANG_CXX_LANGUAGE_STANDARD = "gnu++14";
				CLANG_CXX_LIBRARY = "libc++";
				CLANG_ENABLE_MODULES = YES;
				CLANG_ENABLE_OBJC_ARC = YES;
				CLANG_ENABLE_OBJC_WEAK = YES;
				CLANG_WARN_BLOCK_CAPTURE_AUTORELEASING = YES;
				CLANG_WARN_BOOL_CONVERSION = YES;
				CLANG_WARN_COMMA = YES;
				CLANG_WARN_CONSTANT_CONVERSION = YES;
				CLANG_WARN_DEPRECATED_OBJC_IMPLEMENTATIONS = YES;
				CLANG_WARN_DIRECT_OBJC_ISA_USAGE = YES_ERROR;
				CLANG_WARN_DOCUMENTATION_COMMENTS = YES;
				CLANG_WARN_EMPTY_BODY = YES;
				CLANG_WARN_ENUM_CONVERSION = YES;
				CLANG_WARN_INFINITE_RECURSION = YES;
				CLANG_WARN_INT_CONVERSION = YES;
				CLANG_WARN_NON_LITERAL_NULL_CONVERSION = YES;
				CLANG_WARN_OBJC_IMPLICIT_RETAIN_SELF = YES;
				CLANG_WARN_OBJC_LITERAL_CONVERSION = YES;
				CLANG_WARN_OBJC_ROOT_CLASS = YES_ERROR;
				CLANG_WARN_RANGE_LOOP_ANALYSIS = YES;
				CLANG_WARN_STRICT_PROTOTYPES = YES;
				CLANG_WARN_SUSPICIOUS_MOVE = YES;
				CLANG_WARN_UNGUARDED_AVAILABILITY = YES_AGGRESSIVE;
				CLANG_WARN_UNREACHABLE_CODE = YES;
				CLANG_WARN__DUPLICATE_METHOD_MATCH = YES;
				COPY_PHASE_STRIP = NO;
				DEBUG_INFORMATION_FORMAT = "dwarf-with-dsym";
				ENABLE_NS_ASSERTIONS = NO;
				ENABLE_STRICT_OBJC_MSGSEND = YES;
				GCC_C_LANGUAGE_STANDARD = gnu11;
				GCC_NO_COMMON_BLOCKS = YES;
				GCC_WARN_64_TO_32_BIT_CONVERSION = YES;
				GCC_WARN_ABOUT_RETURN_TYPE = YES_ERROR;
				GCC_WARN_UNDECLARED_SELECTOR = YES;
				GCC_WARN_UNINITIALIZED_AUTOS = YES_AGGRESSIVE;
				GCC_WARN_UNUSED_FUNCTION = YES;
				GCC_WARN_UNUSED_VARIABLE = YES;
				IPHONEOS_DEPLOYMENT_TARGET = 13.0;
				MTL_ENABLE_DEBUG_INFO = NO;
				MTL_FAST_MATH = YES;
				SDKROOT = iphoneos;
				SWIFT_COMPILATION_MODE = wholemodule;
				SWIFT_OPTIMIZATION_LEVEL = "-O";
				VALIDATE_PRODUCT = YES;
			};
			name = Release;
		};
		A2383C1023153A820076B289 /* Debug */ = {
			isa = XCBuildConfiguration;
			baseConfigurationReference = A2F8CE75234BD52E00C408FA /* Development.xcconfig */;
			buildSettings = {
				ASSETCATALOG_COMPILER_APPICON_NAME = AppIcon;
				CODE_SIGN_STYLE = Automatic;
				DEVELOPMENT_ASSET_PATHS = "RoadTripNative/Preview\\ Content";
				DEVELOPMENT_TEAM = W25R7HDRSX;
				ENABLE_PREVIEWS = YES;
				INFOPLIST_FILE = RoadTripNative/Info.plist;
				LD_RUNPATH_SEARCH_PATHS = (
					"$(inherited)",
					"@executable_path/Frameworks",
				);
				PRODUCT_BUNDLE_IDENTIFIER = donkamillo.RoadTripNative;
				PRODUCT_NAME = "$(TARGET_NAME)";
				SWIFT_VERSION = 5.0;
				TARGETED_DEVICE_FAMILY = "1,2";
			};
			name = Debug;
		};
		A2383C1123153A820076B289 /* Release */ = {
			isa = XCBuildConfiguration;
			buildSettings = {
				ASSETCATALOG_COMPILER_APPICON_NAME = AppIcon;
				CODE_SIGN_STYLE = Automatic;
				DEVELOPMENT_ASSET_PATHS = "RoadTripNative/Preview\\ Content";
				DEVELOPMENT_TEAM = W25R7HDRSX;
				ENABLE_PREVIEWS = YES;
				INFOPLIST_FILE = RoadTripNative/Info.plist;
				LD_RUNPATH_SEARCH_PATHS = (
					"$(inherited)",
					"@executable_path/Frameworks",
				);
				PRODUCT_BUNDLE_IDENTIFIER = donkamillo.RoadTripNative;
				PRODUCT_NAME = "$(TARGET_NAME)";
				SWIFT_VERSION = 5.0;
				TARGETED_DEVICE_FAMILY = "1,2";
			};
			name = Release;
		};
/* End XCBuildConfiguration section */

/* Begin XCConfigurationList section */
		A2383BF623153A810076B289 /* Build configuration list for PBXProject "RoadTripNative" */ = {
			isa = XCConfigurationList;
			buildConfigurations = (
				A2383C0D23153A820076B289 /* Debug */,
				A2383C0E23153A820076B289 /* Release */,
			);
			defaultConfigurationIsVisible = 0;
			defaultConfigurationName = Release;
		};
		A2383C0F23153A820076B289 /* Build configuration list for PBXNativeTarget "RoadTripNative" */ = {
			isa = XCConfigurationList;
			buildConfigurations = (
				A2383C1023153A820076B289 /* Debug */,
				A2383C1123153A820076B289 /* Release */,
			);
			defaultConfigurationIsVisible = 0;
			defaultConfigurationName = Release;
		};
/* End XCConfigurationList section */
	};
	rootObject = A2383BF323153A810076B289 /* Project object */;
}
